{
    "_meta": {
        "hash": {
            "sha256": "98bad2a988cf891440b53342db89a9984740e9d3a0a9a71256619b9e8bcc2a38"
        },
        "pipfile-spec": 6,
        "requires": {},
        "sources": [
            {
                "name": "pypi",
                "url": "https://pypi.org/simple",
                "verify_ssl": true
            }
        ]
    },
    "default": {
        "alabaster": {
            "hashes": [
                "sha256:446438bdcca0e05bd45ea2de1668c1d9b032e1a9154c2c259092d77031ddd359",
                "sha256:a661d72d58e6ea8a57f7a86e37d86716863ee5e92788398526d58b26a4e4dc02"
            ],
            "version": "==0.7.12"
        },
        "babel": {
            "hashes": [
                "sha256:6778d85147d5d85345c14a26aada5e478ab04e39b078b0745ee6870c2b5cf669",
                "sha256:8cba50f48c529ca3fa18cf81fa9403be176d374ac4d60738b839122dfaaa3d23"
            ],
            "version": "==2.6.0"
        },
        "boto": {
            "hashes": [
                "sha256:758498c77f16e26b8b61af26f8d0dbb119b713f2d8d166681ec892311f3520c4",
                "sha256:d9083f91e21df850c813b38358dc83df16d7f253180a1344ecfedce24213ecf2"
            ],
            "index": "pypi",
            "version": "==2.38.0"
        },
        "certifi": {
            "hashes": [
                "sha256:376690d6f16d32f9d1fe8932551d80b23e9d393a8578c5633a2ed39a64861638",
                "sha256:456048c7e371c089d0a77a5212fb37a2c2dce1e24146e3b7e0261736aaeaa22a"
            ],
            "version": "==2018.8.24"
        },
        "chardet": {
            "hashes": [
                "sha256:84ab92ed1c4d4f16916e05906b6b75a6c0fb5db821cc65e70cbd64a3e2a5eaae",
                "sha256:fc323ffcaeaed0e0a02bf4d117757b98aed530d9ed4531e3e15460124c106691"
            ],
            "version": "==3.0.4"
        },
        "dateparser": {
            "hashes": [
                "sha256:e2629d2f8361722c6047138ca085256c9f2cf5cc657fd66122aa0564afa4dc33",
                "sha256:f8c24317120b06f71691d28076764ec084a132be2a250a78fdf54f6b427cac95"
            ],
            "index": "pypi",
            "version": "==0.6.0"
        },
        "django": {
            "hashes": [
                "sha256:29268cc47816a44f27308e60f71da635f549c47d8a1d003b28de55141df75791",
                "sha256:37f5876c1fbfd66085001f4c06fa0bf96ef05442c53daf8d4294b6f29e7fa6b8"
            ],
            "index": "pypi",
            "version": "==1.11.16"
        },
        "django-date-extensions": {
            "hashes": [
                "sha256:441d7cff3aaa8051b5a055da2fc064e976d2bb305fd0f8e02e846f589e54afb2",
                "sha256:eb915bc98024d3f59207fe4cac104e15cc95b2ed2fbb01421e901f8a42059b8c"
            ],
            "version": "==2.0"
        },
        "django-debug-toolbar": {
            "hashes": [
                "sha256:89831c775d5317d47825c03426a04404a9042e23385039fbc14549ace8781107",
                "sha256:bd929113ae22d7553c3ae6a6cb6762e8453784972eca06fa396aca47d0b66874"
            ],
            "index": "pypi",
            "version": "==1.7"
        },
        "django-flat-theme": {
            "hashes": [
                "sha256:323011c7eda4fb57604fd9feee568c5a789bff4c0c0892128f05246936e8013a"
            ],
            "index": "pypi",
            "version": "==1.1.3"
        },
        "django-phonenumber-field": {
            "hashes": [
                "sha256:d96c274a6aa9afd4eb4fe922e475a45706d997b2bea22b87f3afc9fb0012db84"
            ],
            "index": "pypi",
            "version": "==2.0.0"
        },
        "django-robots": {
            "hashes": [
                "sha256:163b977d84b611f40b978f6719ddd7a3d9893e676d4ff6c14a87a4f7e9ef7c86",
                "sha256:91ab9c99c045bc25420c301676cb16668c3866ca763a77d1c740a74ca7e6b120"
            ],
            "index": "pypi",
            "version": "==3.0"
        },
        "django-sitetree": {
            "hashes": [
                "sha256:28074d5569bd9bd8ff309a4c033d2d39c25ec85a04d97d9deb450626063e8631",
                "sha256:e2d24f3f30027878ceca89eee8c08c4102263c783db8f1a7c6acd2f634985d9a"
            ],
            "index": "pypi",
            "version": "==1.8.0"
        },
        "django-storages-redux": {
            "hashes": [
                "sha256:0757ab073b8d2264adaa5265ab45fb9ab499b99d601a86fd045a26acc2a0fbc4",
                "sha256:6cfad6698b55308ddbcfffa91b1e7949d29238e8e44a98d98b84f9bd567f8fb7"
            ],
            "index": "pypi",
            "version": "==1.3.1"
        },
        "django-taggit": {
            "hashes": [
                "sha256:06b4fdf65200307d8b21d79689f3bedd266c1274f73ea2a7e6fe39654a836342",
                "sha256:3a546495bf03ee99c09c2a050bcd6b5b19e2cf9b141fa138bc1986413620ed7b"
            ],
            "index": "pypi",
            "version": "==0.17.6"
        },
        "django-tinymce": {
            "hashes": [
                "sha256:a7594f342786834e4f6585334652c6a37f1e11ccbc3ea83ae76b9ff9b3cf590c",
                "sha256:ed1425aa370e20e8b84809feebc2cd42573790cfb74ad19a942affe8f13b9296"
            ],
            "index": "pypi",
            "version": "==2.7.0"
        },
        "docutils": {
            "hashes": [
                "sha256:c7db717810ab6965f66c8cf0398a98c9d8df982da39b4cd7f162911eb89596fa",
                "sha256:dcebd4928112631626f4c4d0df59787c748404e66dda952110030ea883d3b8cd"
            ],
            "index": "pypi",
            "version": "==0.12"
        },
        "idna": {
            "hashes": [
                "sha256:2c6a5de3089009e3da7c5dde64a141dbc8551d5b7f6cf4ed7c2568d0cc520a8f",
                "sha256:8c7309c718f94b3a625cb648ace320157ad16ff131ae0af362c9f21b80ef6ec4"
            ],
            "version": "==2.6"
        },
        "imagesize": {
            "hashes": [
                "sha256:3f349de3eb99145973fefb7dbe38554414e5c30abd0c8e4b970a7c9d09f3a1d8",
                "sha256:f3832918bc3c66617f92e35f5d70729187676313caa60c187eb0f28b8fe5e3b5"
            ],
            "markers": "python_version != '3.2.*' and python_version >= '2.7' and python_version != '3.3.*' and python_version != '3.1.*' and python_version != '3.0.*'",
            "version": "==1.1.0"
        },
        "jinja2": {
            "hashes": [
                "sha256:74c935a1b8bb9a3947c50a54766a969d4846290e1e788ea44c1392163723c3bd",
                "sha256:f84be1bb0040caca4cea721fcbbbbd61f9be9464ca236387158b0feea01914a4"
            ],
            "version": "==2.10"
        },
        "markupsafe": {
            "hashes": [
                "sha256:a6be69091dac236ea9c6bc7d012beab42010fa914c459791d627dad4910eb665"
            ],
            "version": "==1.0"
        },
        "olefile": {
            "hashes": [
                "sha256:133b031eaf8fd2c9399b78b8bc5b8fcbe4c31e85295749bb17a87cba8f3c3964"
            ],
            "markers": "python_version != '3.2.*' and python_version >= '2.7' and python_version != '3.3.*' and python_version != '3.1.*' and python_version != '3.0.*'",
            "version": "==0.46"
        },
        "packaging": {
            "hashes": [
                "sha256:0886227f54515e592aaa2e5a553332c73962917f2831f1b0f9b9f4380a4b9807",
                "sha256:f95a1e147590f204328170981833854229bb2912ac3d5f89e2a8ccd2834800c9"
            ],
            "version": "==18.0"
        },
        "phonenumberslite": {
            "hashes": [
                "sha256:570ec0853a2b501bc5e383c935311932d3a3f39bfb7c544dfcc0d0070032ff42",
                "sha256:c78b269aff4dd731cd8c99960bc67dcd2ac830e23354c5f6d27b0512b8a129be"
            ],
            "version": "==8.9.15"
        },
        "pillow": {
            "hashes": [
                "sha256:469f159fa6804915daaec65cee3f8a8be4d3d59afbdada450f7cef330d0feb39",
                "sha256:6708892d9aeacc68b49ea4b4c44e40fd7ccb2d8e72a54fb653972b8ad66ea1d1",
                "sha256:69571abf0b91ff3ddb7c2656f46cfb58ec11fe71c94764e4d1135cac5a1ec744",
                "sha256:6b24bbc3cc1953e505dc8ca9f698ba45db032911050e4e5f05344a9bf8781249",
                "sha256:739469de35dc88760a8401935d1b1eb4a60f8207da7ffa184dd55b169e70f1d0",
                "sha256:90b3ea7f8500351b0112f7c72f988e19cbb176250ed387cfd523f9f14e51f98d",
                "sha256:95940e8a1f5dac3c3d23f847809fba90255a2ed15c2675e5491fba56b5e5afe8",
                "sha256:a0fd487fed4a35717401b7566e51a1520b34e7c0f7f2a315a6509f82bc86299f",
                "sha256:a511169bcfe8babd904147237378c8207e5a118acb9d67a64705fa8f848dedc7",
                "sha256:a7fa1d6b947cc35d2de9db66406c1427e3ee7ffb5c6f9675ac8ac261677eba91",
                "sha256:b038cd57dede45017d78e717c0961a2f6392e4b3757f324aaafd3d01499f0fcd",
                "sha256:be156a89c767c37d517f49b02cbb2a90f65f15ee0d6445e197fdf3ad0a61584f",
                "sha256:c562155ae93d27e4e2aa08a261a1d82ed17a7cd809d64aa4b46d31c0d020ddbd",
                "sha256:ce5c7700a0153d9926a3006e7275a5e3cef255e17d438b1a6ac2ee6a6c4e45f6",
                "sha256:d406f048f3abaff4127407cb97f58d67204484526ec4544a27c194d769c2fff2",
                "sha256:d40d81175f19ed0ff7573cde574ceeb270513e1a114678ca0bc3c26e9dc56412",
                "sha256:d5058ad6dc83cf84db5d30c84a5f9c88561fcf27020379699e210d4a7d5aec6b",
                "sha256:d574bb47fc2e97680b5ab22ae1f34ef8d94ba0ab9a212dd026bb30bcaaeb0b3e",
                "sha256:d7104fb7fd502ed481fc54ae761d4d9840d83142a5295d722db43c31ac44ccea",
                "sha256:dc742f445507a4869669992ceab0447c04797a94a5e31ac4f58aba9ee72a212d",
                "sha256:e7724ce9f7c1463428919df4fadfe5049bb2ab33a24e5fc62724c57799fb121a",
                "sha256:ed66ead57fe44cc2ed57f8fea0afa483809825e28e9ff5f774833e31aa73ab94",
                "sha256:f14c1d272db338acd89626fda1326953e770a3c97b395f36780278c942238c9e",
                "sha256:f21836954c3b92ccc70e6166b2edf80aa8bb29285a6f69d3d16ff6555e6ef19f",
                "sha256:f25fa2a0cd1550cd17e6697cbd288308f8153c4d58772f4159ced40cdf4f7631",
                "sha256:f8b94b5d7bbb3586487418ebd2df295dce8a3080818690338decd55ea36a614f",
                "sha256:feaec3efc1a993853ab8d7575c770264cbb29a74e2ca9d58d3b013b2d3f466fa"
            ],
            "index": "pypi",
            "markers": "python_version >= '2.7' and python_version != '3.2.*' and python_version != '3.0.*' and python_version != '3.1.*' and python_version != '3.3.*'",
            "version": "==4.1.0"
        },
        "pygments": {
            "hashes": [
                "sha256:78f3f434bcc5d6ee09020f92ba487f95ba50f1e3ef83ae96b9d5ffa1bab25c5d",
                "sha256:dbae1046def0efb574852fab9e90209b23f556367b5a320c0bcb871c77c3e8cc"
            ],
            "version": "==2.2.0"
        },
        "pyinotify": {
            "hashes": [
                "sha256:9c998a5d7606ca835065cdabc013ae6c66eb9ea76a00a1e3bc6e0cfe2b4f71f4"
            ],
            "index": "pypi",
            "version": "==0.9.6"
        },
        "pyparsing": {
            "hashes": [
                "sha256:bc6c7146b91af3f567cf6daeaec360bc07d45ffec4cf5353f4d7a208ce7ca30a",
                "sha256:d29593d8ebe7b57d6967b62494f8c72b03ac0262b1eed63826c6f788b3606401"
            ],
            "markers": "python_version != '3.1.*' and python_version != '3.0.*' and python_version != '3.2.*' and python_version >= '2.6'",
            "version": "==2.2.2"
        },
        "python-dateutil": {
            "hashes": [
                "sha256:1408fdb07c6a1fa9997567ce3fcee6a337b39a503d80699e0f213de4aa4b32ed",
                "sha256:598499a75be2e5e18a66f12c00dd47a069de24794effeda4228bfc760f44f527",
                "sha256:9d94861f04ce14f9a3d835206067c889b8f1244f1415035dadcf9c10066adf04"
            ],
            "index": "pypi",
            "version": "==2.5.3"
        },
        "pytz": {
            "hashes": [
                "sha256:d1d6729c85acea5423671382868627129432fba9a89ecbb248d8d1c7a9f01c67",
                "sha256:f5c056e8f62d45ba8215e5cb8f50dfccb198b4b9fbea8500674f3443e4689589"
            ],
            "index": "pypi",
            "version": "==2017.2"
        },
        "raven": {
            "hashes": [
                "sha256:0b8be5880de897dbacd79d0587c2a5eb135e7c47676b0be142a1d5ec615e3410",
                "sha256:fc7bea12ab8452b20bb141d6c8aad81645ff8b9bc4db0fff81d03e9bed47405d"
            ],
            "index": "pypi",
            "version": "==5.1.1"
        },
        "regex": {
            "hashes": [
                "sha256:22d7ef8c2df344328a8a3c61edade2ee714e5de9360911d22a9213931c769faa",
                "sha256:3a699780c6b712c67dc23207b129ccc6a7e1270233f7aadead3ea3f83c893702",
                "sha256:42f460d349baebd5faec02a0c920988fb0300b24baf898d9c139886565b66b6c",
                "sha256:43bf3d79940cbdf19adda838d8b26b28b47bec793cda46590b5b25703742f440",
                "sha256:47d6c7f0588ef33464e00023067c4e7cce68e0d6a686a73c7ee15abfdad503d4",
                "sha256:5b879f59f25ed9b91bc8693a9a994014b431f224f492519ad0255ce6b54b83e5",
                "sha256:8ba0093c412900f636b0f826c597a0c3ea0e395344bc99894ddefe88b76c9c7e",
                "sha256:a4789254a1a0bd7a637036cce0b7ed72d8cc864e93f2e9cfd10ac00ae27bb7b0",
                "sha256:b73cea07117dca888b0c3671770b501bef19aac9c45c8ffdb5bea2cca2377b0a",
                "sha256:d3eb59fa3e5b5438438ec97acd9dc86f077428e020b015b43987e35bea68ef4c",
                "sha256:d51d232b4e2f106deaf286001f563947fee255bc5bd209a696f027e15cf0a1e7",
                "sha256:d59b03131a8e35061b47a8f186324a95eaf30d5f6ee9cc0637e7b87d29c7c9b5",
                "sha256:dd705df1b47470388fc4630e4df3cbbe7677e2ab80092a1c660cae630a307b2d",
                "sha256:e87fffa437a4b00afb17af785da9b01618425d6cd984c677639deb937037d8f2",
                "sha256:ed40e0474ab5ab228a8d133759d451b31d3ccdebaff698646e54aff82c3de4f8"
            ],
            "version": "==2018.8.29"
        },
        "requests": {
            "hashes": [
                "sha256:6a1b267aa90cac58ac3a765d067950e7dbbf75b1da07e895d1f594193a40a38b",
                "sha256:9c443e7324ba5b85070c4a818ade28bfabedf16ea10206da1132edaa6dda237e"
            ],
            "index": "pypi",
            "version": "==2.18.4"
        },
        "ruamel.yaml": {
            "hashes": [
                "sha256:10a8912a32f51eed40e32aa76e2700bb7bfc92f321a0e98409e3b1132bac4519",
                "sha256:1224d1f6abefda0de53ded39e51fc5e0bc0bb496f9e2f6566d3abe2f03cf54c8",
                "sha256:1d51f69dd8dd6fc58b8b3ca7aef87580b940ad0764ac1ea86f8b64feb555d5db",
                "sha256:3bc6377f623e48959bbc4eca07db614c9c0e374b9eea79feff93258aebafc38d",
                "sha256:3df98993f7e20864e60cba10606e14ad109175bb78c1129b06d38a0492beac36",
                "sha256:4796caffcbb81929d8be643df46c74f1825fff4dc0f7e132ea10f727ef89a0cd",
                "sha256:57d1a4c2d158f53040a9d8a611e79a1235be3418a1f8370145493adbab0ebbeb",
                "sha256:6655d70b2e2f6b40220ea4c6caac5bed15cb477bbaf7c6687029f3c82a45bca0",
                "sha256:7eff959cf0a792cb5650b5f50cc8bb5c53b3ab136695268c66ccd3cd332ba2b9",
                "sha256:867e2d0f7d5b4b3dbd9810fa601a9cb663ca8eec45c1f4b3bf56281894c47119",
                "sha256:97652b9e3a76958cf6684d5d963674adf345d8cc192ddd95e2a21b22cda29f40",
                "sha256:9e5179afa032cd64216f9c508b5428cbe3cc42bb6b7dbb33e7cbf64c38eb2f2d",
                "sha256:a2fbb7e2e09390758f704dd04a17643108a3494292c49e9f4a10f248316ec2ae",
                "sha256:a3fde21c981928fde30c5ddded90d313487522c3e7b2011b20b4a17d82e14926",
                "sha256:ab0353559bd1a47e67e287090daa04bed7c19ec887bf311010fe69ddb40fd8eb",
                "sha256:ab7ef6d1ca0dc914fd66eacc8a5cfbf47f5530fe106c81f645b55cff2e1da984",
                "sha256:ab993f82687407dd8f478fb1c1213735524b10f1aa296391261838ee41331ed0",
                "sha256:bd76a9aee355306bfc173865e891885a63888ee15b0e358a66d697bb5c9e208a",
                "sha256:c1483c3de2010b5eb7dfbf6a2484e59d96c5c3a96f67b6ef4dd801471a21195b",
                "sha256:dbf52838c2fd987417cf820aed3a7dea0ba19dfe47c978361afb00cc1366264b",
                "sha256:edce27e000efe88d280e05984175a38835b32929be5c893a8dab6d5af4090995",
                "sha256:f037812ac7360201eef2aa6d977836b2a31419c65ce706c5e0bfb176a99efa04"
            ],
            "version": "==0.15.72"
        },
        "six": {
            "hashes": [
                "sha256:0ff78c403d9bccf5a425a6d31a12aa6b47f1c21ca4dc2573a7e2f32a97335eb1",
                "sha256:105f8d68616f8248e24bf0e9372ef04d3cc10104f1980f54d57b2ce73a5ad56a"
            ],
            "index": "pypi",
            "version": "==1.10.0"
        },
        "snowballstemmer": {
            "hashes": [
                "sha256:919f26a68b2c17a7634da993d91339e288964f93c274f1343e3bbbe2096e1128",
                "sha256:9f3bcd3c401c3e862ec0ebe6d2c069ebc012ce142cce209c098ccb5b09136e89"
            ],
            "version": "==1.2.1"
        },
        "sorl-thumbnail": {
            "hashes": [
                "sha256:1cc6d913fe4f1224e479f25a23ec2ad3ca71c3154919a2c9463b07e7fbe11ac2",
                "sha256:c5ef989da07d31925754922ce95783fd2b1f8735124c0510884633eb32a4cd3e"
            ],
            "index": "pypi",
            "version": "==12.4.1"
        },
        "sphinx": {
            "hashes": [
                "sha256:1b74cb9cf26c2a0bc22e6012f7e6003d101f79eab024e7e32f9346eedd55a6a3",
                "sha256:8aacc3f34aa758751fdb44ab9238eab024c66b57d67200f9a35efebf0e368057"
            ],
            "index": "pypi",
            "version": "==1.3.4"
        },
        "sphinx-rtd-theme": {
            "hashes": [
                "sha256:02f02a676d6baabb758a20c7a479d58648e0f64f13e07d1b388e9bb2afe86a09",
                "sha256:d0f6bc70f98961145c5b0e26a992829363a197321ba571b31b24ea91879e0c96"
            ],
            "markers": "python_version < '4' and python_version != '3.0.*' and python_version != '3.2.*' and python_version >= '2.6' and python_version != '3.1.*' and python_version != '3.3.*'",
            "version": "==0.4.2"
        },
        "sphinxcontrib-websupport": {
            "hashes": [
                "sha256:68ca7ff70785cbe1e7bccc71a48b5b6d965d79ca50629606c7861a21b206d9dd",
                "sha256:9de47f375baf1ea07cdb3436ff39d7a9c76042c10a769c52353ec46e4e8fc3b9"
            ],
            "markers": "python_version != '3.1.*' and python_version != '3.3.*' and python_version != '3.2.*' and python_version >= '2.7' and python_version != '3.0.*'",
            "version": "==1.1.0"
        },
        "sqlparse": {
            "hashes": [
                "sha256:ce028444cfab83be538752a2ffdb56bc417b7784ff35bb9a3062413717807dec",
                "sha256:d9cf190f51cbb26da0412247dfe4fb5f4098edb73db84e02f9fc21fdca31fed4"
            ],
            "version": "==0.2.4"
        },
        "tzlocal": {
            "hashes": [
                "sha256:4ebeb848845ac898da6519b9b31879cf13b6626f7184c496037b818e238f2c4e"
            ],
            "version": "==1.5.1"
        },
        "urllib3": {
            "hashes": [
                "sha256:06330f386d6e4b195fbfc736b297f58c5a892e4440e54d294d7004e3a9bbea1b",
                "sha256:cc44da8e1145637334317feebd728bd869a35285b93cbb4cca2577da7e62db4f"
            ],
            "version": "==1.22"
        }
    },
    "develop": {
        "backcall": {
            "hashes": [
                "sha256:38ecd85be2c1e78f77fd91700c76e14667dc21e2713b63876c0eb901196e01e4",
                "sha256:bbbf4b1e5cd2bdb08f915895b51081c041bac22394fdfcfdfbe9f14b77c08bf2"
            ],
            "version": "==0.1.0"
        },
        "decorator": {
            "hashes": [
                "sha256:2c51dff8ef3c447388fe5e4453d24a2bf128d3a4c32af3fabef1f01c6851ab82",
                "sha256:c39efa13fbdeb4506c476c9b3babf6a718da943dab7811c206005a4a956c080c"
            ],
            "version": "==4.3.0"
        },
        "django": {
            "hashes": [
                "sha256:29268cc47816a44f27308e60f71da635f549c47d8a1d003b28de55141df75791",
                "sha256:37f5876c1fbfd66085001f4c06fa0bf96ef05442c53daf8d4294b6f29e7fa6b8"
            ],
            "index": "pypi",
            "version": "==1.11.16"
        },
        "django-debug-toolbar": {
            "hashes": [
                "sha256:89831c775d5317d47825c03426a04404a9042e23385039fbc14549ace8781107",
                "sha256:bd929113ae22d7553c3ae6a6cb6762e8453784972eca06fa396aca47d0b66874"
            ],
            "index": "pypi",
            "version": "==1.7"
        },
        "ipython": {
            "hashes": [
                "sha256:47b17ea874454a5c2eacc2732b04a750d260b01ba479323155ac8a39031f5535",
                "sha256:9fed506c3772c875a3048bc134a25e6f5e997b1569b2636f6a5d891f34cbfd46"
            ],
            "index": "pypi",
            "version": "==7.0.1"
        },
        "ipython-genutils": {
            "hashes": [
                "sha256:72dd37233799e619666c9f639a9da83c34013a73e8bbc79a7a6348d93c61fab8",
                "sha256:eb2e116e75ecef9d4d228fdc66af54269afa26ab4463042e33785b887c628ba8"
            ],
            "version": "==0.2.0"
        },
        "jedi": {
            "hashes": [
                "sha256:0191c447165f798e6a730285f2eee783fff81b0d3df261945ecb80983b5c3ca7",
                "sha256:b7493f73a2febe0dc33d51c99b474547f7f6c0b2c8fb2b21f453eef204c12148"
            ],
            "version": "==0.13.1"
        },
        "parso": {
            "hashes": [
                "sha256:35704a43a3c113cce4de228ddb39aab374b8004f4f2407d070b6a2ca784ce8a2",
                "sha256:895c63e93b94ac1e1690f5fdd40b65f07c8171e3e53cbd7793b5b96c0e0a7f24"
            ],
            "version": "==0.3.1"
        },
        "pexpect": {
            "hashes": [
                "sha256:2a8e88259839571d1251d278476f3eec5db26deb73a70be5ed5dc5435e418aba",
                "sha256:3fbd41d4caf27fa4a377bfd16fef87271099463e6fa73e92a52f92dfee5d425b"
            ],
            "markers": "sys_platform != 'win32'",
            "version": "==4.6.0"
        },
        "pickleshare": {
            "hashes": [
                "sha256:87683d47965c1da65cdacaf31c8441d12b8044cdec9aca500cd78fc2c683afca",
                "sha256:9649af414d74d4df115d5d718f82acb59c9d418196b7b4290ed47a12ce62df56"
            ],
            "version": "==0.7.5"
        },
        "prompt-toolkit": {
            "hashes": [
                "sha256:5eff0c9fd652384ecfe730bbcdf3658868725c6928fbf608d9338834d7a974b6",
                "sha256:81da9ecf6ca6806a549697529af8ec3ac5b739c13ac14607218e650db1b53131",
                "sha256:c67c1c264d8a0d9e1070e9272bacee00f76c81daab7bc4bf09ff991bd1e224a7"
            ],
            "version": "==2.0.5"
        },
        "ptyprocess": {
            "hashes": [
                "sha256:923f299cc5ad920c68f2bc0bc98b75b9f838b93b599941a6b63ddbc2476394c0",
                "sha256:d7cc528d76e76342423ca640335bd3633420dc1366f258cb31d05e865ef5ca1f"
            ],
            "version": "==0.6.0"
        },
        "pygments": {
            "hashes": [
                "sha256:78f3f434bcc5d6ee09020f92ba487f95ba50f1e3ef83ae96b9d5ffa1bab25c5d",
                "sha256:dbae1046def0efb574852fab9e90209b23f556367b5a320c0bcb871c77c3e8cc"
            ],
            "version": "==2.2.0"
        },
        "pytz": {
            "hashes": [
                "sha256:d1d6729c85acea5423671382868627129432fba9a89ecbb248d8d1c7a9f01c67",
                "sha256:f5c056e8f62d45ba8215e5cb8f50dfccb198b4b9fbea8500674f3443e4689589"
            ],
            "index": "pypi",
            "version": "==2017.2"
        },
        "simplegeneric": {
            "hashes": [
                "sha256:dc972e06094b9af5b855b3df4a646395e43d1c9d0d39ed345b7393560d0b9173"
            ],
            "version": "==0.8.1"
        },
        "six": {
            "hashes": [
                "sha256:0ff78c403d9bccf5a425a6d31a12aa6b47f1c21ca4dc2573a7e2f32a97335eb1",
                "sha256:105f8d68616f8248e24bf0e9372ef04d3cc10104f1980f54d57b2ce73a5ad56a"
            ],
            "index": "pypi",
            "version": "==1.10.0"
        },
        "sqlparse": {
            "hashes": [
                "sha256:ce028444cfab83be538752a2ffdb56bc417b7784ff35bb9a3062413717807dec",
                "sha256:d9cf190f51cbb26da0412247dfe4fb5f4098edb73db84e02f9fc21fdca31fed4"
            ],
            "version": "==0.2.4"
        },
        "traitlets": {
            "hashes": [
                "sha256:9c4bd2d267b7153df9152698efb1050a5d84982d3384a37b2c1f7723ba3e7835",
                "sha256:c6cb5e6f57c5a9bdaa40fa71ce7b4af30298fbab9ece9815b5d995ab6217c7d9"
            ],
            "version": "==4.3.2"
        },
        "wcwidth": {
            "hashes": [
                "sha256:3df37372226d6e63e1b1e1eda15c594bca98a22d33a23832a90998faa96bc65e",
                "sha256:f4ebe71925af7b40a864553f761ed559b43544f8f71746c2d756c7fe788ade7c"
            ],
            "version": "==0.1.7"
        }
    }
}
